
Microsoft Visual Studio Solution File, Format Version 12.00
# Visual Studio Version 17
VisualStudioVersion = 17.6.33801.468
MinimumVisualStudioVersion = 16.0.0.0
Project("{2150E333-8FDC-42A3-9474-1A3956D46DE8}") = "localdb", "localdb", "{101A9747-F462-48C3-B372-B1BA48BFA9A2}"
	ProjectSection(SolutionItems) = preProject
		scripts\localdb\footballscoreboard_localdb.sql = scripts\localdb\footballscoreboard_localdb.sql
	EndProjectSection
EndProject
Project("{2150E333-8FDC-42A3-9474-1A3956D46DE8}") = "src", "src", "{40CCC003-B388-4FCE-933F-75FCC4582A47}"
EndProject
Project("{2150E333-8FDC-42A3-9474-1A3956D46DE8}") = "tests", "tests", "{98905046-DCD0-49E1-B146-8B78F006F800}"
EndProject
Project("{9A19103F-16F7-4668-BE54-9A1E7A4F7556}") = "Football.Domain", "src\Domain\Football.Domain.csproj", "{600C309A-C887-404F-9116-0A9C23DA090E}"
EndProject
Project("{9A19103F-16F7-4668-BE54-9A1E7A4F7556}") = "Football.Application", "src\Application\Football.Application.csproj", "{E54394BF-6499-4317-8529-5D4FD8BD5931}"
EndProject
Project("{9A19103F-16F7-4668-BE54-9A1E7A4F7556}") = "Football.Infrastructure", "src\Infrastructure\Football.Infrastructure.csproj", "{6283EACE-F703-41B0-80B7-72E13A690C23}"
EndProject
Project("{2150E333-8FDC-42A3-9474-1A3956D46DE8}") = "Hosts", "Hosts", "{C138333C-C403-4F0D-8D0F-674DDA8F5253}"
EndProject
Project("{9A19103F-16F7-4668-BE54-9A1E7A4F7556}") = "Football.Api", "src\Hosts\Api\Football.Api.csproj", "{3B2AB894-792E-4CB3-830E-9253DFCD636F}"
EndProject
Project("{9A19103F-16F7-4668-BE54-9A1E7A4F7556}") = "Football.Worker", "src\Hosts\Worker\Football.Worker.csproj", "{48E06C0B-B696-4AF3-A64E-8FC4B960C070}"
EndProject
Project("{9A19103F-16F7-4668-BE54-9A1E7A4F7556}") = "Football.Api.UnitTests", "tests\Football.Api.UnitTests\Football.Api.UnitTests.csproj", "{5BE540F6-B78A-4AD0-A232-CF616228FCD2}"
EndProject
Project("{9A19103F-16F7-4668-BE54-9A1E7A4F7556}") = "Football.Application.IntegrationTests", "tests\Football.Application.IntegrationTests\Football.Application.IntegrationTests.csproj", "{A6FC206F-F3C4-41A1-96BD-D6BFC1BF522C}"
EndProject
Project("{2150E333-8FDC-42A3-9474-1A3956D46DE8}") = "testdb", "testdb", "{94B8E058-FCD4-4D64-A953-62FA3F655EEB}"
	ProjectSection(SolutionItems) = preProject
		scripts\testdb\footballscoreboard_testdb.sql = scripts\testdb\footballscoreboard_testdb.sql
	EndProjectSection
EndProject
Project("{2150E333-8FDC-42A3-9474-1A3956D46DE8}") = "Solution Items", "Solution Items", "{2D3F4921-4D2A-48E2-96FF-CF491AC54F25}"
	ProjectSection(SolutionItems) = preProject
		README.md = README.md
		global.json = global.json
		.gitattributes = .gitattributes
		.gitignore = .gitignore
		.dockerignore = .dockerignore
		docker-compose.testdb.yml = docker-compose.testdb.yml
		docker-compose.localdb.yml = docker-compose.localdb.yml
	EndProjectSection
EndProject
Project("{2150E333-8FDC-42A3-9474-1A3956D46DE8}") = "scripts", "scripts", "{1394B2D2-324E-48C8-90FB-B80379048F22}"
	ProjectSection(SolutionItems) = preProject
	EndProjectSection
EndProject
Project("{FAE04EC0-301F-11D3-BF4B-00C04F79EFBC}") = "Football.Blazor", "src\Hosts\Blazor\Football.Blazor.csproj", "{8AB60484-6C4A-4306-BEA0-6C963BF1ABAF}"
EndProject
Project("{FAE04EC0-301F-11D3-BF4B-00C04F79EFBC}") = "Football.Blazor.UnitTests", "tests\Football.Blazor.UnitTests\Football.Blazor.UnitTests.csproj", "{F5AF2360-226A-4E0B-9DB6-7AC8D8A772BA}"
EndProject
Project("{FAE04EC0-301F-11D3-BF4B-00C04F79EFBC}") = "Football.Application.UnitTests", "tests\Football.Application.UnitTests\Football.Application.UnitTests.csproj", "{C6479CCA-FF28-4667-A526-EB137A1539C2}"
EndProject
Global
	GlobalSection(SolutionConfigurationPlatforms) = preSolution
		Debug|Any CPU = Debug|Any CPU
		Release|Any CPU = Release|Any CPU
	EndGlobalSection
	GlobalSection(ProjectConfigurationPlatforms) = postSolution
		{600C309A-C887-404F-9116-0A9C23DA090E}.Debug|Any CPU.ActiveCfg = Debug|Any CPU
		{600C309A-C887-404F-9116-0A9C23DA090E}.Debug|Any CPU.Build.0 = Debug|Any CPU
		{600C309A-C887-404F-9116-0A9C23DA090E}.Release|Any CPU.ActiveCfg = Release|Any CPU
		{600C309A-C887-404F-9116-0A9C23DA090E}.Release|Any CPU.Build.0 = Release|Any CPU
		{E54394BF-6499-4317-8529-5D4FD8BD5931}.Debug|Any CPU.ActiveCfg = Debug|Any CPU
		{E54394BF-6499-4317-8529-5D4FD8BD5931}.Debug|Any CPU.Build.0 = Debug|Any CPU
		{E54394BF-6499-4317-8529-5D4FD8BD5931}.Release|Any CPU.ActiveCfg = Release|Any CPU
		{E54394BF-6499-4317-8529-5D4FD8BD5931}.Release|Any CPU.Build.0 = Release|Any CPU
		{6283EACE-F703-41B0-80B7-72E13A690C23}.Debug|Any CPU.ActiveCfg = Debug|Any CPU
		{6283EACE-F703-41B0-80B7-72E13A690C23}.Debug|Any CPU.Build.0 = Debug|Any CPU
		{6283EACE-F703-41B0-80B7-72E13A690C23}.Release|Any CPU.ActiveCfg = Release|Any CPU
		{6283EACE-F703-41B0-80B7-72E13A690C23}.Release|Any CPU.Build.0 = Release|Any CPU
		{3B2AB894-792E-4CB3-830E-9253DFCD636F}.Debug|Any CPU.ActiveCfg = Debug|Any CPU
		{3B2AB894-792E-4CB3-830E-9253DFCD636F}.Debug|Any CPU.Build.0 = Debug|Any CPU
		{3B2AB894-792E-4CB3-830E-9253DFCD636F}.Release|Any CPU.ActiveCfg = Release|Any CPU
		{3B2AB894-792E-4CB3-830E-9253DFCD636F}.Release|Any CPU.Build.0 = Release|Any CPU
		{48E06C0B-B696-4AF3-A64E-8FC4B960C070}.Debug|Any CPU.ActiveCfg = Debug|Any CPU
		{48E06C0B-B696-4AF3-A64E-8FC4B960C070}.Debug|Any CPU.Build.0 = Debug|Any CPU
		{48E06C0B-B696-4AF3-A64E-8FC4B960C070}.Release|Any CPU.ActiveCfg = Release|Any CPU
		{48E06C0B-B696-4AF3-A64E-8FC4B960C070}.Release|Any CPU.Build.0 = Release|Any CPU
		{5BE540F6-B78A-4AD0-A232-CF616228FCD2}.Debug|Any CPU.ActiveCfg = Debug|Any CPU
		{5BE540F6-B78A-4AD0-A232-CF616228FCD2}.Debug|Any CPU.Build.0 = Debug|Any CPU
		{5BE540F6-B78A-4AD0-A232-CF616228FCD2}.Release|Any CPU.ActiveCfg = Release|Any CPU
		{5BE540F6-B78A-4AD0-A232-CF616228FCD2}.Release|Any CPU.Build.0 = Release|Any CPU
		{A6FC206F-F3C4-41A1-96BD-D6BFC1BF522C}.Debug|Any CPU.ActiveCfg = Debug|Any CPU
		{A6FC206F-F3C4-41A1-96BD-D6BFC1BF522C}.Debug|Any CPU.Build.0 = Debug|Any CPU
		{A6FC206F-F3C4-41A1-96BD-D6BFC1BF522C}.Release|Any CPU.ActiveCfg = Release|Any CPU
		{A6FC206F-F3C4-41A1-96BD-D6BFC1BF522C}.Release|Any CPU.Build.0 = Release|Any CPU
		{8AB60484-6C4A-4306-BEA0-6C963BF1ABAF}.Debug|Any CPU.ActiveCfg = Debug|Any CPU
		{8AB60484-6C4A-4306-BEA0-6C963BF1ABAF}.Debug|Any CPU.Build.0 = Debug|Any CPU
		{8AB60484-6C4A-4306-BEA0-6C963BF1ABAF}.Release|Any CPU.ActiveCfg = Release|Any CPU
		{8AB60484-6C4A-4306-BEA0-6C963BF1ABAF}.Release|Any CPU.Build.0 = Release|Any CPU
		{F5AF2360-226A-4E0B-9DB6-7AC8D8A772BA}.Debug|Any CPU.ActiveCfg = Debug|Any CPU
		{F5AF2360-226A-4E0B-9DB6-7AC8D8A772BA}.Debug|Any CPU.Build.0 = Debug|Any CPU
		{F5AF2360-226A-4E0B-9DB6-7AC8D8A772BA}.Release|Any CPU.ActiveCfg = Release|Any CPU
		{F5AF2360-226A-4E0B-9DB6-7AC8D8A772BA}.Release|Any CPU.Build.0 = Release|Any CPU
		{C6479CCA-FF28-4667-A526-EB137A1539C2}.Debug|Any CPU.ActiveCfg = Debug|Any CPU
		{C6479CCA-FF28-4667-A526-EB137A1539C2}.Debug|Any CPU.Build.0 = Debug|Any CPU
		{C6479CCA-FF28-4667-A526-EB137A1539C2}.Release|Any CPU.ActiveCfg = Release|Any CPU
		{C6479CCA-FF28-4667-A526-EB137A1539C2}.Release|Any CPU.Build.0 = Release|Any CPU
	EndGlobalSection
	GlobalSection(SolutionProperties) = preSolution
		HideSolutionNode = FALSE
	EndGlobalSection
	GlobalSection(NestedProjects) = preSolution
		{101A9747-F462-48C3-B372-B1BA48BFA9A2} = {1394B2D2-324E-48C8-90FB-B80379048F22}
		{600C309A-C887-404F-9116-0A9C23DA090E} = {40CCC003-B388-4FCE-933F-75FCC4582A47}
		{E54394BF-6499-4317-8529-5D4FD8BD5931} = {40CCC003-B388-4FCE-933F-75FCC4582A47}
		{6283EACE-F703-41B0-80B7-72E13A690C23} = {40CCC003-B388-4FCE-933F-75FCC4582A47}
		{C138333C-C403-4F0D-8D0F-674DDA8F5253} = {40CCC003-B388-4FCE-933F-75FCC4582A47}
		{3B2AB894-792E-4CB3-830E-9253DFCD636F} = {C138333C-C403-4F0D-8D0F-674DDA8F5253}
		{48E06C0B-B696-4AF3-A64E-8FC4B960C070} = {C138333C-C403-4F0D-8D0F-674DDA8F5253}
		{5BE540F6-B78A-4AD0-A232-CF616228FCD2} = {98905046-DCD0-49E1-B146-8B78F006F800}
		{A6FC206F-F3C4-41A1-96BD-D6BFC1BF522C} = {98905046-DCD0-49E1-B146-8B78F006F800}
		{94B8E058-FCD4-4D64-A953-62FA3F655EEB} = {1394B2D2-324E-48C8-90FB-B80379048F22}
		{1394B2D2-324E-48C8-90FB-B80379048F22} = {2D3F4921-4D2A-48E2-96FF-CF491AC54F25}
		{8AB60484-6C4A-4306-BEA0-6C963BF1ABAF} = {C138333C-C403-4F0D-8D0F-674DDA8F5253}
		{F5AF2360-226A-4E0B-9DB6-7AC8D8A772BA} = {98905046-DCD0-49E1-B146-8B78F006F800}
		{C6479CCA-FF28-4667-A526-EB137A1539C2} = {98905046-DCD0-49E1-B146-8B78F006F800}
	EndGlobalSection
	GlobalSection(ExtensibilityGlobals) = postSolution
		SolutionGuid = {89C2AE1B-F33B-43F7-A6F2-BA0ADDDA0720}
	EndGlobalSection
EndGlobal
