
Microsoft Visual Studio Solution File, Format Version 12.00
# Visual Studio Version 17
VisualStudioVersion = 17.6.33801.468
MinimumVisualStudioVersion = 16.0.0.0
Project("{2150E333-8FDC-42A3-9474-1A3956D46DE8}") = "Hosts", "Hosts", "{5F10D059-DB53-468C-875C-E6FD7B720F04}"
EndProject
Project("{2150E333-8FDC-42A3-9474-1A3956D46DE8}") = "src", "src", "{40CCC003-B388-4FCE-933F-75FCC4582A47}"
	ProjectSection(SolutionItems) = preProject
		.dockerignore = .dockerignore
		.editorconfig = .editorconfig
		.gitattributes = .gitattributes
		.gitignore = .gitignore
		docker-compose.app.yml = docker-compose.app.yml
		docker-compose.db.yml = docker-compose.db.yml
		global.json = global.json
	EndProjectSection
EndProject
Project("{2150E333-8FDC-42A3-9474-1A3956D46DE8}") = "tests", "tests", "{98905046-DCD0-49E1-B146-8B78F006F800}"
	ProjectSection(SolutionItems) = preProject
		tests\docker-compose.teststorage.yml = tests\docker-compose.teststorage.yml
	EndProjectSection
EndProject
Project("{9A19103F-16F7-4668-BE54-9A1E7A4F7556}") = "Football.Api.UnitTests", "tests\Football.Api.UnitTests\Football.Api.UnitTests.csproj", "{6C410F13-D4EB-477F-8FB5-2F880BE02458}"
EndProject
Project("{2150E333-8FDC-42A3-9474-1A3956D46DE8}") = "data", "data", "{500DCC9A-9D6F-48F5-8691-117CB03E2256}"
	ProjectSection(SolutionItems) = preProject
		tests\data\football_testdb.sql = tests\data\football_testdb.sql
	EndProjectSection
EndProject
Project("{2150E333-8FDC-42A3-9474-1A3956D46DE8}") = "data", "data", "{4024C7EA-EC1E-4EA0-8AEF-BDA064A0C6BB}"
	ProjectSection(SolutionItems) = preProject
		data\football_db.sql = data\football_db.sql
	EndProjectSection
EndProject
Project("{9A19103F-16F7-4668-BE54-9A1E7A4F7556}") = "Football.Api", "src\Hosts\Api\Football.Api.csproj", "{2725102B-9108-495C-9C47-045B8FE121AA}"
EndProject
Project("{2150E333-8FDC-42A3-9474-1A3956D46DE8}") = "Domain", "Domain", "{AEF9A0E7-F809-497F-BB59-4FA641AD2AE6}"
EndProject
Project("{9A19103F-16F7-4668-BE54-9A1E7A4F7556}") = "Football.Domain", "src\Domain\Football.Domain.csproj", "{C8CE94C3-19C7-4C09-AB04-8CA46CCB1C09}"
EndProject
Project("{2150E333-8FDC-42A3-9474-1A3956D46DE8}") = "Application", "Application", "{4BD8B547-457E-4987-9514-DA8896BA5900}"
EndProject
Project("{9A19103F-16F7-4668-BE54-9A1E7A4F7556}") = "Football.Application", "src\Application\Football.Application.csproj", "{EEE0334F-D0EF-4EDC-A33D-9796210A5ABB}"
EndProject
Project("{2150E333-8FDC-42A3-9474-1A3956D46DE8}") = "Infrastructure", "Infrastructure", "{2AFBAE93-5130-4279-9C3E-B2F52833D738}"
EndProject
Project("{9A19103F-16F7-4668-BE54-9A1E7A4F7556}") = "Football.Infrastructure", "src\Infrastructure\Football.Infrastructure.csproj", "{2FEEBB1F-A891-4E28-A74E-29F7563F7C77}"
EndProject
Project("{9A19103F-16F7-4668-BE54-9A1E7A4F7556}") = "Football.Blazor", "src\Hosts\Blazor\Football.Blazor.csproj", "{FF54A2AB-87CB-4D6C-88B7-0615F5265FCB}"
EndProject
Project("{9A19103F-16F7-4668-BE54-9A1E7A4F7556}") = "Football.Worker", "src\Hosts\Worker\Football.Worker.csproj", "{A76064AC-D963-4E7F-BDCE-8245AE85FB7A}"
EndProject
Global
	GlobalSection(SolutionConfigurationPlatforms) = preSolution
		Debug|Any CPU = Debug|Any CPU
		Release|Any CPU = Release|Any CPU
	EndGlobalSection
	GlobalSection(ProjectConfigurationPlatforms) = postSolution
		{6C410F13-D4EB-477F-8FB5-2F880BE02458}.Debug|Any CPU.ActiveCfg = Debug|Any CPU
		{6C410F13-D4EB-477F-8FB5-2F880BE02458}.Debug|Any CPU.Build.0 = Debug|Any CPU
		{6C410F13-D4EB-477F-8FB5-2F880BE02458}.Release|Any CPU.ActiveCfg = Release|Any CPU
		{6C410F13-D4EB-477F-8FB5-2F880BE02458}.Release|Any CPU.Build.0 = Release|Any CPU
		{2725102B-9108-495C-9C47-045B8FE121AA}.Debug|Any CPU.ActiveCfg = Debug|Any CPU
		{2725102B-9108-495C-9C47-045B8FE121AA}.Debug|Any CPU.Build.0 = Debug|Any CPU
		{2725102B-9108-495C-9C47-045B8FE121AA}.Release|Any CPU.ActiveCfg = Release|Any CPU
		{2725102B-9108-495C-9C47-045B8FE121AA}.Release|Any CPU.Build.0 = Release|Any CPU
		{C8CE94C3-19C7-4C09-AB04-8CA46CCB1C09}.Debug|Any CPU.ActiveCfg = Debug|Any CPU
		{C8CE94C3-19C7-4C09-AB04-8CA46CCB1C09}.Debug|Any CPU.Build.0 = Debug|Any CPU
		{C8CE94C3-19C7-4C09-AB04-8CA46CCB1C09}.Release|Any CPU.ActiveCfg = Release|Any CPU
		{C8CE94C3-19C7-4C09-AB04-8CA46CCB1C09}.Release|Any CPU.Build.0 = Release|Any CPU
		{EEE0334F-D0EF-4EDC-A33D-9796210A5ABB}.Debug|Any CPU.ActiveCfg = Debug|Any CPU
		{EEE0334F-D0EF-4EDC-A33D-9796210A5ABB}.Debug|Any CPU.Build.0 = Debug|Any CPU
		{EEE0334F-D0EF-4EDC-A33D-9796210A5ABB}.Release|Any CPU.ActiveCfg = Release|Any CPU
		{EEE0334F-D0EF-4EDC-A33D-9796210A5ABB}.Release|Any CPU.Build.0 = Release|Any CPU
		{2FEEBB1F-A891-4E28-A74E-29F7563F7C77}.Debug|Any CPU.ActiveCfg = Debug|Any CPU
		{2FEEBB1F-A891-4E28-A74E-29F7563F7C77}.Debug|Any CPU.Build.0 = Debug|Any CPU
		{2FEEBB1F-A891-4E28-A74E-29F7563F7C77}.Release|Any CPU.ActiveCfg = Release|Any CPU
		{2FEEBB1F-A891-4E28-A74E-29F7563F7C77}.Release|Any CPU.Build.0 = Release|Any CPU
		{FF54A2AB-87CB-4D6C-88B7-0615F5265FCB}.Debug|Any CPU.ActiveCfg = Debug|Any CPU
		{FF54A2AB-87CB-4D6C-88B7-0615F5265FCB}.Debug|Any CPU.Build.0 = Debug|Any CPU
		{FF54A2AB-87CB-4D6C-88B7-0615F5265FCB}.Release|Any CPU.ActiveCfg = Release|Any CPU
		{FF54A2AB-87CB-4D6C-88B7-0615F5265FCB}.Release|Any CPU.Build.0 = Release|Any CPU
		{A76064AC-D963-4E7F-BDCE-8245AE85FB7A}.Debug|Any CPU.ActiveCfg = Debug|Any CPU
		{A76064AC-D963-4E7F-BDCE-8245AE85FB7A}.Debug|Any CPU.Build.0 = Debug|Any CPU
		{A76064AC-D963-4E7F-BDCE-8245AE85FB7A}.Release|Any CPU.ActiveCfg = Release|Any CPU
		{A76064AC-D963-4E7F-BDCE-8245AE85FB7A}.Release|Any CPU.Build.0 = Release|Any CPU
	EndGlobalSection
	GlobalSection(SolutionProperties) = preSolution
		HideSolutionNode = FALSE
	EndGlobalSection
	GlobalSection(NestedProjects) = preSolution
		{5F10D059-DB53-468C-875C-E6FD7B720F04} = {40CCC003-B388-4FCE-933F-75FCC4582A47}
		{6C410F13-D4EB-477F-8FB5-2F880BE02458} = {98905046-DCD0-49E1-B146-8B78F006F800}
		{500DCC9A-9D6F-48F5-8691-117CB03E2256} = {98905046-DCD0-49E1-B146-8B78F006F800}
		{2725102B-9108-495C-9C47-045B8FE121AA} = {5F10D059-DB53-468C-875C-E6FD7B720F04}
		{AEF9A0E7-F809-497F-BB59-4FA641AD2AE6} = {40CCC003-B388-4FCE-933F-75FCC4582A47}
		{C8CE94C3-19C7-4C09-AB04-8CA46CCB1C09} = {AEF9A0E7-F809-497F-BB59-4FA641AD2AE6}
		{4BD8B547-457E-4987-9514-DA8896BA5900} = {40CCC003-B388-4FCE-933F-75FCC4582A47}
		{EEE0334F-D0EF-4EDC-A33D-9796210A5ABB} = {4BD8B547-457E-4987-9514-DA8896BA5900}
		{2AFBAE93-5130-4279-9C3E-B2F52833D738} = {40CCC003-B388-4FCE-933F-75FCC4582A47}
		{2FEEBB1F-A891-4E28-A74E-29F7563F7C77} = {2AFBAE93-5130-4279-9C3E-B2F52833D738}
		{FF54A2AB-87CB-4D6C-88B7-0615F5265FCB} = {5F10D059-DB53-468C-875C-E6FD7B720F04}
		{A76064AC-D963-4E7F-BDCE-8245AE85FB7A} = {5F10D059-DB53-468C-875C-E6FD7B720F04}
	EndGlobalSection
	GlobalSection(ExtensibilityGlobals) = postSolution
		SolutionGuid = {89C2AE1B-F33B-43F7-A6F2-BA0ADDDA0720}
	EndGlobalSection
EndGlobal
