Microsoft Visual Studio Solution File, Format Version 12.00
# Visual Studio Version 16
VisualStudioVersion = 16.0.0.0
MinimumVisualStudioVersion = 16.0.0.0
Project("{2150E333-8FDC-42A3-9474-1A3956D46DE8}") = "Games", "Games", "{728E3CBD-C114-4965-9474-30168C19A3D0}"
EndProject
Project("{2150E333-8FDC-42A3-9474-1A3956D46DE8}") = "Dashboard", "Dashboard", "{99741ECD-55F5-4B34-83F8-82C9630FCFF8}"
EndProject
Project("{FAE04EC0-301F-11D3-BF4B-00C04F79EFBC}") = "Dashboard.Client", "Dashboard\Dashboard.Client\Dashboard.Client.csproj", "{71D1B1E8-8509-493C-90B2-F8CA82EA2C25}"
EndProject
Project("{FAE04EC0-301F-11D3-BF4B-00C04F79EFBC}") = "Dashboard.Server", "Dashboard\Dashboard.Server\Dashboard.Server.csproj", "{C2BD5E07-3627-48D0-8BCD-9F33B4703731}"
EndProject
Project("{FAE04EC0-301F-11D3-BF4B-00C04F79EFBC}") = "Dashboard.Shared", "Dashboard\Dashboard.Shared\Dashboard.Shared.csproj", "{266B1FA2-BC1F-4713-A519-CE850E697E5D}"
EndProject
Project("{FAE04EC0-301F-11D3-BF4B-00C04F79EFBC}") = "Games.Services", "Games\Games.Services\Games.Services.csproj", "{28F0C243-FB08-46BE-8BD4-86BC8960BFF5}"
EndProject
Project("{FAE04EC0-301F-11D3-BF4B-00C04F79EFBC}") = "Games.Worker", "Games\Games.Worker\Games.Worker.csproj", "{89B31DD5-AEE1-4C8D-A0C0-6513279D622D}"
EndProject
Project("{9344BDBB-3E7F-41FC-A0DD-8665D75EE146}") = "Games.Entities", "Games\Games.Entities\Games.Entities.csproj", "{FA34C084-3C80-4530-8219-8BABA424CF14}"
EndProject
Global
	GlobalSection(SolutionConfigurationPlatforms) = preSolution
		Debug|Any CPU = Debug|Any CPU
		Debug|x64 = Debug|x64
		Debug|x86 = Debug|x86
		Release|Any CPU = Release|Any CPU
		Release|x64 = Release|x64
		Release|x86 = Release|x86
	EndGlobalSection
	GlobalSection(ProjectConfigurationPlatforms) = postSolution
		{71D1B1E8-8509-493C-90B2-F8CA82EA2C25}.Debug|Any CPU.ActiveCfg = Debug|Any CPU
		{71D1B1E8-8509-493C-90B2-F8CA82EA2C25}.Debug|Any CPU.Build.0 = Debug|Any CPU
		{71D1B1E8-8509-493C-90B2-F8CA82EA2C25}.Debug|x64.ActiveCfg = Debug|Any CPU
		{71D1B1E8-8509-493C-90B2-F8CA82EA2C25}.Debug|x64.Build.0 = Debug|Any CPU
		{71D1B1E8-8509-493C-90B2-F8CA82EA2C25}.Debug|x86.ActiveCfg = Debug|Any CPU
		{71D1B1E8-8509-493C-90B2-F8CA82EA2C25}.Debug|x86.Build.0 = Debug|Any CPU
		{71D1B1E8-8509-493C-90B2-F8CA82EA2C25}.Release|Any CPU.ActiveCfg = Release|Any CPU
		{71D1B1E8-8509-493C-90B2-F8CA82EA2C25}.Release|Any CPU.Build.0 = Release|Any CPU
		{71D1B1E8-8509-493C-90B2-F8CA82EA2C25}.Release|x64.ActiveCfg = Release|Any CPU
		{71D1B1E8-8509-493C-90B2-F8CA82EA2C25}.Release|x64.Build.0 = Release|Any CPU
		{71D1B1E8-8509-493C-90B2-F8CA82EA2C25}.Release|x86.ActiveCfg = Release|Any CPU
		{71D1B1E8-8509-493C-90B2-F8CA82EA2C25}.Release|x86.Build.0 = Release|Any CPU
		{C2BD5E07-3627-48D0-8BCD-9F33B4703731}.Debug|Any CPU.ActiveCfg = Debug|Any CPU
		{C2BD5E07-3627-48D0-8BCD-9F33B4703731}.Debug|Any CPU.Build.0 = Debug|Any CPU
		{C2BD5E07-3627-48D0-8BCD-9F33B4703731}.Debug|x64.ActiveCfg = Debug|Any CPU
		{C2BD5E07-3627-48D0-8BCD-9F33B4703731}.Debug|x64.Build.0 = Debug|Any CPU
		{C2BD5E07-3627-48D0-8BCD-9F33B4703731}.Debug|x86.ActiveCfg = Debug|Any CPU
		{C2BD5E07-3627-48D0-8BCD-9F33B4703731}.Debug|x86.Build.0 = Debug|Any CPU
		{C2BD5E07-3627-48D0-8BCD-9F33B4703731}.Release|Any CPU.ActiveCfg = Release|Any CPU
		{C2BD5E07-3627-48D0-8BCD-9F33B4703731}.Release|Any CPU.Build.0 = Release|Any CPU
		{C2BD5E07-3627-48D0-8BCD-9F33B4703731}.Release|x64.ActiveCfg = Release|Any CPU
		{C2BD5E07-3627-48D0-8BCD-9F33B4703731}.Release|x64.Build.0 = Release|Any CPU
		{C2BD5E07-3627-48D0-8BCD-9F33B4703731}.Release|x86.ActiveCfg = Release|Any CPU
		{C2BD5E07-3627-48D0-8BCD-9F33B4703731}.Release|x86.Build.0 = Release|Any CPU
		{266B1FA2-BC1F-4713-A519-CE850E697E5D}.Debug|Any CPU.ActiveCfg = Debug|Any CPU
		{266B1FA2-BC1F-4713-A519-CE850E697E5D}.Debug|Any CPU.Build.0 = Debug|Any CPU
		{266B1FA2-BC1F-4713-A519-CE850E697E5D}.Debug|x64.ActiveCfg = Debug|Any CPU
		{266B1FA2-BC1F-4713-A519-CE850E697E5D}.Debug|x64.Build.0 = Debug|Any CPU
		{266B1FA2-BC1F-4713-A519-CE850E697E5D}.Debug|x86.ActiveCfg = Debug|Any CPU
		{266B1FA2-BC1F-4713-A519-CE850E697E5D}.Debug|x86.Build.0 = Debug|Any CPU
		{266B1FA2-BC1F-4713-A519-CE850E697E5D}.Release|Any CPU.ActiveCfg = Release|Any CPU
		{266B1FA2-BC1F-4713-A519-CE850E697E5D}.Release|Any CPU.Build.0 = Release|Any CPU
		{266B1FA2-BC1F-4713-A519-CE850E697E5D}.Release|x64.ActiveCfg = Release|Any CPU
		{266B1FA2-BC1F-4713-A519-CE850E697E5D}.Release|x64.Build.0 = Release|Any CPU
		{266B1FA2-BC1F-4713-A519-CE850E697E5D}.Release|x86.ActiveCfg = Release|Any CPU
		{266B1FA2-BC1F-4713-A519-CE850E697E5D}.Release|x86.Build.0 = Release|Any CPU
		{28F0C243-FB08-46BE-8BD4-86BC8960BFF5}.Debug|Any CPU.ActiveCfg = Debug|Any CPU
		{28F0C243-FB08-46BE-8BD4-86BC8960BFF5}.Debug|Any CPU.Build.0 = Debug|Any CPU
		{28F0C243-FB08-46BE-8BD4-86BC8960BFF5}.Debug|x64.ActiveCfg = Debug|Any CPU
		{28F0C243-FB08-46BE-8BD4-86BC8960BFF5}.Debug|x64.Build.0 = Debug|Any CPU
		{28F0C243-FB08-46BE-8BD4-86BC8960BFF5}.Debug|x86.ActiveCfg = Debug|Any CPU
		{28F0C243-FB08-46BE-8BD4-86BC8960BFF5}.Debug|x86.Build.0 = Debug|Any CPU
		{28F0C243-FB08-46BE-8BD4-86BC8960BFF5}.Release|Any CPU.ActiveCfg = Release|Any CPU
		{28F0C243-FB08-46BE-8BD4-86BC8960BFF5}.Release|Any CPU.Build.0 = Release|Any CPU
		{28F0C243-FB08-46BE-8BD4-86BC8960BFF5}.Release|x64.ActiveCfg = Release|Any CPU
		{28F0C243-FB08-46BE-8BD4-86BC8960BFF5}.Release|x64.Build.0 = Release|Any CPU
		{28F0C243-FB08-46BE-8BD4-86BC8960BFF5}.Release|x86.ActiveCfg = Release|Any CPU
		{28F0C243-FB08-46BE-8BD4-86BC8960BFF5}.Release|x86.Build.0 = Release|Any CPU
		{89B31DD5-AEE1-4C8D-A0C0-6513279D622D}.Debug|Any CPU.ActiveCfg = Debug|Any CPU
		{89B31DD5-AEE1-4C8D-A0C0-6513279D622D}.Debug|Any CPU.Build.0 = Debug|Any CPU
		{89B31DD5-AEE1-4C8D-A0C0-6513279D622D}.Debug|x64.ActiveCfg = Debug|Any CPU
		{89B31DD5-AEE1-4C8D-A0C0-6513279D622D}.Debug|x64.Build.0 = Debug|Any CPU
		{89B31DD5-AEE1-4C8D-A0C0-6513279D622D}.Debug|x86.ActiveCfg = Debug|Any CPU
		{89B31DD5-AEE1-4C8D-A0C0-6513279D622D}.Debug|x86.Build.0 = Debug|Any CPU
		{89B31DD5-AEE1-4C8D-A0C0-6513279D622D}.Release|Any CPU.ActiveCfg = Release|Any CPU
		{89B31DD5-AEE1-4C8D-A0C0-6513279D622D}.Release|Any CPU.Build.0 = Release|Any CPU
		{89B31DD5-AEE1-4C8D-A0C0-6513279D622D}.Release|x64.ActiveCfg = Release|Any CPU
		{89B31DD5-AEE1-4C8D-A0C0-6513279D622D}.Release|x64.Build.0 = Release|Any CPU
		{89B31DD5-AEE1-4C8D-A0C0-6513279D622D}.Release|x86.ActiveCfg = Release|Any CPU
		{89B31DD5-AEE1-4C8D-A0C0-6513279D622D}.Release|x86.Build.0 = Release|Any CPU
		{FA34C084-3C80-4530-8219-8BABA424CF14}.Debug|Any CPU.ActiveCfg = Debug|Any CPU
		{FA34C084-3C80-4530-8219-8BABA424CF14}.Debug|Any CPU.Build.0 = Debug|Any CPU
		{FA34C084-3C80-4530-8219-8BABA424CF14}.Debug|x64.ActiveCfg = Debug|Any CPU
		{FA34C084-3C80-4530-8219-8BABA424CF14}.Debug|x64.Build.0 = Debug|Any CPU
		{FA34C084-3C80-4530-8219-8BABA424CF14}.Debug|x86.ActiveCfg = Debug|Any CPU
		{FA34C084-3C80-4530-8219-8BABA424CF14}.Debug|x86.Build.0 = Debug|Any CPU
		{FA34C084-3C80-4530-8219-8BABA424CF14}.Release|Any CPU.ActiveCfg = Release|Any CPU
		{FA34C084-3C80-4530-8219-8BABA424CF14}.Release|Any CPU.Build.0 = Release|Any CPU
		{FA34C084-3C80-4530-8219-8BABA424CF14}.Release|x64.ActiveCfg = Release|Any CPU
		{FA34C084-3C80-4530-8219-8BABA424CF14}.Release|x64.Build.0 = Release|Any CPU
		{FA34C084-3C80-4530-8219-8BABA424CF14}.Release|x86.ActiveCfg = Release|Any CPU
		{FA34C084-3C80-4530-8219-8BABA424CF14}.Release|x86.Build.0 = Release|Any CPU
	EndGlobalSection
	GlobalSection(SolutionProperties) = preSolution
		HideSolutionNode = FALSE
	EndGlobalSection
	GlobalSection(ExtensibilityGlobals) = postSolution
		SolutionGuid = {89C2AE1B-F33B-43F7-A6F2-BA0ADDDA0720}
	EndGlobalSection
	GlobalSection(NestedProjects) = preSolution
		{71D1B1E8-8509-493C-90B2-F8CA82EA2C25} = {99741ECD-55F5-4B34-83F8-82C9630FCFF8}
		{C2BD5E07-3627-48D0-8BCD-9F33B4703731} = {99741ECD-55F5-4B34-83F8-82C9630FCFF8}
		{266B1FA2-BC1F-4713-A519-CE850E697E5D} = {99741ECD-55F5-4B34-83F8-82C9630FCFF8}
		{28F0C243-FB08-46BE-8BD4-86BC8960BFF5} = {728E3CBD-C114-4965-9474-30168C19A3D0}
		{89B31DD5-AEE1-4C8D-A0C0-6513279D622D} = {728E3CBD-C114-4965-9474-30168C19A3D0}
		{FA34C084-3C80-4530-8219-8BABA424CF14} = {728E3CBD-C114-4965-9474-30168C19A3D0}
	EndGlobalSection
EndGlobal
