Microsoft Visual Studio Solution File, Format Version 12.00
# Visual Studio Version 16
VisualStudioVersion = 16.0.0.0
MinimumVisualStudioVersion = 16.0.0.0
Project("{2150E333-8FDC-42A3-9474-1A3956D46DE8}") = "Hosts", "Hosts", "{5F10D059-DB53-468C-875C-E6FD7B720F04}"
EndProject
Project("{FAE04EC0-301F-11D3-BF4B-00C04F79EFBC}") = "Football.Api", "Hosts\Api\Football.Api.csproj", "{5CEA4BF0-C602-4D5F-AB5B-B8A0494670AD}"
EndProject
Project("{FAE04EC0-301F-11D3-BF4B-00C04F79EFBC}") = "Football.Worker", "Hosts\Worker\Football.Worker.csproj", "{A78B325A-1CAB-43AB-BFA7-21BA942C9B17}"
EndProject
Project("{FAE04EC0-301F-11D3-BF4B-00C04F79EFBC}") = "Football.Domain", "Domain\Football.Domain.csproj", "{FD4F8CA9-9553-41A1-B281-075F62AA0C74}"
EndProject
Project("{FAE04EC0-301F-11D3-BF4B-00C04F79EFBC}") = "Football.Application", "Application\Football.Application.csproj", "{F4F2E458-F7D5-425F-95AB-7C85ED130E06}"
EndProject
Project("{FAE04EC0-301F-11D3-BF4B-00C04F79EFBC}") = "Football.Infrastructure", "Infrastructure\Football.Infrastructure.csproj", "{AF470C0F-3579-43D8-9550-AFCAE384754F}"
EndProject
Project("{FAE04EC0-301F-11D3-BF4B-00C04F79EFBC}") = "Football.Blazor", "Hosts\Blazor\Football.Blazor.csproj", "{4BDCCC5F-EAF7-4A27-B854-029CCD7A4804}"
EndProject
Global
	GlobalSection(SolutionConfigurationPlatforms) = preSolution
		Debug|Any CPU = Debug|Any CPU
		Debug|x64 = Debug|x64
		Debug|x86 = Debug|x86
		Release|Any CPU = Release|Any CPU
		Release|x64 = Release|x64
		Release|x86 = Release|x86
	EndGlobalSection
	GlobalSection(ProjectConfigurationPlatforms) = postSolution
		{5CEA4BF0-C602-4D5F-AB5B-B8A0494670AD}.Debug|Any CPU.ActiveCfg = Debug|Any CPU
		{5CEA4BF0-C602-4D5F-AB5B-B8A0494670AD}.Debug|Any CPU.Build.0 = Debug|Any CPU
		{5CEA4BF0-C602-4D5F-AB5B-B8A0494670AD}.Debug|x64.ActiveCfg = Debug|Any CPU
		{5CEA4BF0-C602-4D5F-AB5B-B8A0494670AD}.Debug|x64.Build.0 = Debug|Any CPU
		{5CEA4BF0-C602-4D5F-AB5B-B8A0494670AD}.Debug|x86.ActiveCfg = Debug|Any CPU
		{5CEA4BF0-C602-4D5F-AB5B-B8A0494670AD}.Debug|x86.Build.0 = Debug|Any CPU
		{5CEA4BF0-C602-4D5F-AB5B-B8A0494670AD}.Release|Any CPU.ActiveCfg = Release|Any CPU
		{5CEA4BF0-C602-4D5F-AB5B-B8A0494670AD}.Release|Any CPU.Build.0 = Release|Any CPU
		{5CEA4BF0-C602-4D5F-AB5B-B8A0494670AD}.Release|x64.ActiveCfg = Release|Any CPU
		{5CEA4BF0-C602-4D5F-AB5B-B8A0494670AD}.Release|x64.Build.0 = Release|Any CPU
		{5CEA4BF0-C602-4D5F-AB5B-B8A0494670AD}.Release|x86.ActiveCfg = Release|Any CPU
		{5CEA4BF0-C602-4D5F-AB5B-B8A0494670AD}.Release|x86.Build.0 = Release|Any CPU
		{A78B325A-1CAB-43AB-BFA7-21BA942C9B17}.Debug|Any CPU.ActiveCfg = Debug|Any CPU
		{A78B325A-1CAB-43AB-BFA7-21BA942C9B17}.Debug|Any CPU.Build.0 = Debug|Any CPU
		{A78B325A-1CAB-43AB-BFA7-21BA942C9B17}.Debug|x64.ActiveCfg = Debug|Any CPU
		{A78B325A-1CAB-43AB-BFA7-21BA942C9B17}.Debug|x64.Build.0 = Debug|Any CPU
		{A78B325A-1CAB-43AB-BFA7-21BA942C9B17}.Debug|x86.ActiveCfg = Debug|Any CPU
		{A78B325A-1CAB-43AB-BFA7-21BA942C9B17}.Debug|x86.Build.0 = Debug|Any CPU
		{A78B325A-1CAB-43AB-BFA7-21BA942C9B17}.Release|Any CPU.ActiveCfg = Release|Any CPU
		{A78B325A-1CAB-43AB-BFA7-21BA942C9B17}.Release|Any CPU.Build.0 = Release|Any CPU
		{A78B325A-1CAB-43AB-BFA7-21BA942C9B17}.Release|x64.ActiveCfg = Release|Any CPU
		{A78B325A-1CAB-43AB-BFA7-21BA942C9B17}.Release|x64.Build.0 = Release|Any CPU
		{A78B325A-1CAB-43AB-BFA7-21BA942C9B17}.Release|x86.ActiveCfg = Release|Any CPU
		{A78B325A-1CAB-43AB-BFA7-21BA942C9B17}.Release|x86.Build.0 = Release|Any CPU
		{FD4F8CA9-9553-41A1-B281-075F62AA0C74}.Debug|Any CPU.ActiveCfg = Debug|Any CPU
		{FD4F8CA9-9553-41A1-B281-075F62AA0C74}.Debug|Any CPU.Build.0 = Debug|Any CPU
		{FD4F8CA9-9553-41A1-B281-075F62AA0C74}.Debug|x64.ActiveCfg = Debug|Any CPU
		{FD4F8CA9-9553-41A1-B281-075F62AA0C74}.Debug|x64.Build.0 = Debug|Any CPU
		{FD4F8CA9-9553-41A1-B281-075F62AA0C74}.Debug|x86.ActiveCfg = Debug|Any CPU
		{FD4F8CA9-9553-41A1-B281-075F62AA0C74}.Debug|x86.Build.0 = Debug|Any CPU
		{FD4F8CA9-9553-41A1-B281-075F62AA0C74}.Release|Any CPU.ActiveCfg = Release|Any CPU
		{FD4F8CA9-9553-41A1-B281-075F62AA0C74}.Release|Any CPU.Build.0 = Release|Any CPU
		{FD4F8CA9-9553-41A1-B281-075F62AA0C74}.Release|x64.ActiveCfg = Release|Any CPU
		{FD4F8CA9-9553-41A1-B281-075F62AA0C74}.Release|x64.Build.0 = Release|Any CPU
		{FD4F8CA9-9553-41A1-B281-075F62AA0C74}.Release|x86.ActiveCfg = Release|Any CPU
		{FD4F8CA9-9553-41A1-B281-075F62AA0C74}.Release|x86.Build.0 = Release|Any CPU
		{F4F2E458-F7D5-425F-95AB-7C85ED130E06}.Debug|Any CPU.ActiveCfg = Debug|Any CPU
		{F4F2E458-F7D5-425F-95AB-7C85ED130E06}.Debug|Any CPU.Build.0 = Debug|Any CPU
		{F4F2E458-F7D5-425F-95AB-7C85ED130E06}.Debug|x64.ActiveCfg = Debug|Any CPU
		{F4F2E458-F7D5-425F-95AB-7C85ED130E06}.Debug|x64.Build.0 = Debug|Any CPU
		{F4F2E458-F7D5-425F-95AB-7C85ED130E06}.Debug|x86.ActiveCfg = Debug|Any CPU
		{F4F2E458-F7D5-425F-95AB-7C85ED130E06}.Debug|x86.Build.0 = Debug|Any CPU
		{F4F2E458-F7D5-425F-95AB-7C85ED130E06}.Release|Any CPU.ActiveCfg = Release|Any CPU
		{F4F2E458-F7D5-425F-95AB-7C85ED130E06}.Release|Any CPU.Build.0 = Release|Any CPU
		{F4F2E458-F7D5-425F-95AB-7C85ED130E06}.Release|x64.ActiveCfg = Release|Any CPU
		{F4F2E458-F7D5-425F-95AB-7C85ED130E06}.Release|x64.Build.0 = Release|Any CPU
		{F4F2E458-F7D5-425F-95AB-7C85ED130E06}.Release|x86.ActiveCfg = Release|Any CPU
		{F4F2E458-F7D5-425F-95AB-7C85ED130E06}.Release|x86.Build.0 = Release|Any CPU
		{AF470C0F-3579-43D8-9550-AFCAE384754F}.Debug|Any CPU.ActiveCfg = Debug|Any CPU
		{AF470C0F-3579-43D8-9550-AFCAE384754F}.Debug|Any CPU.Build.0 = Debug|Any CPU
		{AF470C0F-3579-43D8-9550-AFCAE384754F}.Debug|x64.ActiveCfg = Debug|Any CPU
		{AF470C0F-3579-43D8-9550-AFCAE384754F}.Debug|x64.Build.0 = Debug|Any CPU
		{AF470C0F-3579-43D8-9550-AFCAE384754F}.Debug|x86.ActiveCfg = Debug|Any CPU
		{AF470C0F-3579-43D8-9550-AFCAE384754F}.Debug|x86.Build.0 = Debug|Any CPU
		{AF470C0F-3579-43D8-9550-AFCAE384754F}.Release|Any CPU.ActiveCfg = Release|Any CPU
		{AF470C0F-3579-43D8-9550-AFCAE384754F}.Release|Any CPU.Build.0 = Release|Any CPU
		{AF470C0F-3579-43D8-9550-AFCAE384754F}.Release|x64.ActiveCfg = Release|Any CPU
		{AF470C0F-3579-43D8-9550-AFCAE384754F}.Release|x64.Build.0 = Release|Any CPU
		{AF470C0F-3579-43D8-9550-AFCAE384754F}.Release|x86.ActiveCfg = Release|Any CPU
		{AF470C0F-3579-43D8-9550-AFCAE384754F}.Release|x86.Build.0 = Release|Any CPU
		{4BDCCC5F-EAF7-4A27-B854-029CCD7A4804}.Debug|Any CPU.ActiveCfg = Debug|Any CPU
		{4BDCCC5F-EAF7-4A27-B854-029CCD7A4804}.Debug|Any CPU.Build.0 = Debug|Any CPU
		{4BDCCC5F-EAF7-4A27-B854-029CCD7A4804}.Debug|x64.ActiveCfg = Debug|Any CPU
		{4BDCCC5F-EAF7-4A27-B854-029CCD7A4804}.Debug|x64.Build.0 = Debug|Any CPU
		{4BDCCC5F-EAF7-4A27-B854-029CCD7A4804}.Debug|x86.ActiveCfg = Debug|Any CPU
		{4BDCCC5F-EAF7-4A27-B854-029CCD7A4804}.Debug|x86.Build.0 = Debug|Any CPU
		{4BDCCC5F-EAF7-4A27-B854-029CCD7A4804}.Release|Any CPU.ActiveCfg = Release|Any CPU
		{4BDCCC5F-EAF7-4A27-B854-029CCD7A4804}.Release|Any CPU.Build.0 = Release|Any CPU
		{4BDCCC5F-EAF7-4A27-B854-029CCD7A4804}.Release|x64.ActiveCfg = Release|Any CPU
		{4BDCCC5F-EAF7-4A27-B854-029CCD7A4804}.Release|x64.Build.0 = Release|Any CPU
		{4BDCCC5F-EAF7-4A27-B854-029CCD7A4804}.Release|x86.ActiveCfg = Release|Any CPU
		{4BDCCC5F-EAF7-4A27-B854-029CCD7A4804}.Release|x86.Build.0 = Release|Any CPU
	EndGlobalSection
	GlobalSection(SolutionProperties) = preSolution
		HideSolutionNode = FALSE
	EndGlobalSection
	GlobalSection(NestedProjects) = preSolution
		{5CEA4BF0-C602-4D5F-AB5B-B8A0494670AD} = {5F10D059-DB53-468C-875C-E6FD7B720F04}
		{A78B325A-1CAB-43AB-BFA7-21BA942C9B17} = {5F10D059-DB53-468C-875C-E6FD7B720F04}
		{4BDCCC5F-EAF7-4A27-B854-029CCD7A4804} = {5F10D059-DB53-468C-875C-E6FD7B720F04}
	EndGlobalSection
	GlobalSection(ExtensibilityGlobals) = postSolution
		SolutionGuid = {89C2AE1B-F33B-43F7-A6F2-BA0ADDDA0720}
	EndGlobalSection
EndGlobal
