Microsoft Visual Studio Solution File, Format Version 12.00
# Visual Studio Version 16
VisualStudioVersion = 16.0.0.0
MinimumVisualStudioVersion = 16.0.0.0
Project("{2150E333-8FDC-42A3-9474-1A3956D46DE8}") = "Worker", "Worker", "{728E3CBD-C114-4965-9474-30168C19A3D0}"
EndProject
Project("{2150E333-8FDC-42A3-9474-1A3956D46DE8}") = "Scoreboard", "Scoreboard", "{99741ECD-55F5-4B34-83F8-82C9630FCFF8}"
EndProject
Project("{9A19103F-16F7-4668-BE54-9A1E7A4F7556}") = "Scoreboard.Client", "Scoreboard\Scoreboard.Client\Scoreboard.Client.csproj", "{71D1B1E8-8509-493C-90B2-F8CA82EA2C25}"
EndProject
Project("{9A19103F-16F7-4668-BE54-9A1E7A4F7556}") = "Scoreboard.Server", "Scoreboard\Scoreboard.Server\Scoreboard.Server.csproj", "{C2BD5E07-3627-48D0-8BCD-9F33B4703731}"
EndProject
Project("{2150E333-8FDC-42A3-9474-1A3956D46DE8}") = "Core", "Core", "{19C6E7D7-CDF1-4938-8138-023F1B8FE027}"
EndProject
Project("{9A19103F-16F7-4668-BE54-9A1E7A4F7556}") = "Core.Entities", "Core\Core.Entities\Core.Entities.csproj", "{25C90E71-04B1-4397-AFAC-D3D4F03C0777}"
EndProject
Project("{9A19103F-16F7-4668-BE54-9A1E7A4F7556}") = "Core.Infrastructure", "Core\Core.Infrastructure\Core.Infrastructure.csproj", "{DC308572-44B3-4D22-9485-2EB0327D07BD}"
EndProject
Project("{2150E333-8FDC-42A3-9474-1A3956D46DE8}") = "Services", "Services", "{2E0B777C-C6D1-441B-841F-CA0E58A8A6DF}"
EndProject
Project("{FAE04EC0-301F-11D3-BF4B-00C04F79EFBC}") = "GameService", "Services\GameService\GameService.csproj", "{DC66976E-36F7-4A1F-BF04-D9A747F62651}"
EndProject
Project("{FAE04EC0-301F-11D3-BF4B-00C04F79EFBC}") = "GameWorker", "Worker\GameWorker\GameWorker.csproj", "{7830CD8A-CFD5-42DD-8529-9D4D86596E7D}"
EndProject
Global
	GlobalSection(SolutionConfigurationPlatforms) = preSolution
		Debug|Any CPU = Debug|Any CPU
		Debug|x64 = Debug|x64
		Debug|x86 = Debug|x86
		Release|Any CPU = Release|Any CPU
		Release|x64 = Release|x64
		Release|x86 = Release|x86
	EndGlobalSection
	GlobalSection(ProjectConfigurationPlatforms) = postSolution
		{71D1B1E8-8509-493C-90B2-F8CA82EA2C25}.Debug|Any CPU.ActiveCfg = Debug|Any CPU
		{71D1B1E8-8509-493C-90B2-F8CA82EA2C25}.Debug|Any CPU.Build.0 = Debug|Any CPU
		{71D1B1E8-8509-493C-90B2-F8CA82EA2C25}.Debug|x64.ActiveCfg = Debug|Any CPU
		{71D1B1E8-8509-493C-90B2-F8CA82EA2C25}.Debug|x64.Build.0 = Debug|Any CPU
		{71D1B1E8-8509-493C-90B2-F8CA82EA2C25}.Debug|x86.ActiveCfg = Debug|Any CPU
		{71D1B1E8-8509-493C-90B2-F8CA82EA2C25}.Debug|x86.Build.0 = Debug|Any CPU
		{71D1B1E8-8509-493C-90B2-F8CA82EA2C25}.Release|Any CPU.ActiveCfg = Release|Any CPU
		{71D1B1E8-8509-493C-90B2-F8CA82EA2C25}.Release|Any CPU.Build.0 = Release|Any CPU
		{71D1B1E8-8509-493C-90B2-F8CA82EA2C25}.Release|x64.ActiveCfg = Release|Any CPU
		{71D1B1E8-8509-493C-90B2-F8CA82EA2C25}.Release|x64.Build.0 = Release|Any CPU
		{71D1B1E8-8509-493C-90B2-F8CA82EA2C25}.Release|x86.ActiveCfg = Release|Any CPU
		{71D1B1E8-8509-493C-90B2-F8CA82EA2C25}.Release|x86.Build.0 = Release|Any CPU
		{C2BD5E07-3627-48D0-8BCD-9F33B4703731}.Debug|Any CPU.ActiveCfg = Debug|Any CPU
		{C2BD5E07-3627-48D0-8BCD-9F33B4703731}.Debug|Any CPU.Build.0 = Debug|Any CPU
		{C2BD5E07-3627-48D0-8BCD-9F33B4703731}.Debug|x64.ActiveCfg = Debug|Any CPU
		{C2BD5E07-3627-48D0-8BCD-9F33B4703731}.Debug|x64.Build.0 = Debug|Any CPU
		{C2BD5E07-3627-48D0-8BCD-9F33B4703731}.Debug|x86.ActiveCfg = Debug|Any CPU
		{C2BD5E07-3627-48D0-8BCD-9F33B4703731}.Debug|x86.Build.0 = Debug|Any CPU
		{C2BD5E07-3627-48D0-8BCD-9F33B4703731}.Release|Any CPU.ActiveCfg = Release|Any CPU
		{C2BD5E07-3627-48D0-8BCD-9F33B4703731}.Release|Any CPU.Build.0 = Release|Any CPU
		{C2BD5E07-3627-48D0-8BCD-9F33B4703731}.Release|x64.ActiveCfg = Release|Any CPU
		{C2BD5E07-3627-48D0-8BCD-9F33B4703731}.Release|x64.Build.0 = Release|Any CPU
		{C2BD5E07-3627-48D0-8BCD-9F33B4703731}.Release|x86.ActiveCfg = Release|Any CPU
		{C2BD5E07-3627-48D0-8BCD-9F33B4703731}.Release|x86.Build.0 = Release|Any CPU
		{25C90E71-04B1-4397-AFAC-D3D4F03C0777}.Debug|Any CPU.ActiveCfg = Debug|Any CPU
		{25C90E71-04B1-4397-AFAC-D3D4F03C0777}.Debug|Any CPU.Build.0 = Debug|Any CPU
		{25C90E71-04B1-4397-AFAC-D3D4F03C0777}.Debug|x64.ActiveCfg = Debug|Any CPU
		{25C90E71-04B1-4397-AFAC-D3D4F03C0777}.Debug|x64.Build.0 = Debug|Any CPU
		{25C90E71-04B1-4397-AFAC-D3D4F03C0777}.Debug|x86.ActiveCfg = Debug|Any CPU
		{25C90E71-04B1-4397-AFAC-D3D4F03C0777}.Debug|x86.Build.0 = Debug|Any CPU
		{25C90E71-04B1-4397-AFAC-D3D4F03C0777}.Release|Any CPU.ActiveCfg = Release|Any CPU
		{25C90E71-04B1-4397-AFAC-D3D4F03C0777}.Release|Any CPU.Build.0 = Release|Any CPU
		{25C90E71-04B1-4397-AFAC-D3D4F03C0777}.Release|x64.ActiveCfg = Release|Any CPU
		{25C90E71-04B1-4397-AFAC-D3D4F03C0777}.Release|x64.Build.0 = Release|Any CPU
		{25C90E71-04B1-4397-AFAC-D3D4F03C0777}.Release|x86.ActiveCfg = Release|Any CPU
		{25C90E71-04B1-4397-AFAC-D3D4F03C0777}.Release|x86.Build.0 = Release|Any CPU
		{DC308572-44B3-4D22-9485-2EB0327D07BD}.Debug|Any CPU.ActiveCfg = Debug|Any CPU
		{DC308572-44B3-4D22-9485-2EB0327D07BD}.Debug|Any CPU.Build.0 = Debug|Any CPU
		{DC308572-44B3-4D22-9485-2EB0327D07BD}.Debug|x64.ActiveCfg = Debug|Any CPU
		{DC308572-44B3-4D22-9485-2EB0327D07BD}.Debug|x64.Build.0 = Debug|Any CPU
		{DC308572-44B3-4D22-9485-2EB0327D07BD}.Debug|x86.ActiveCfg = Debug|Any CPU
		{DC308572-44B3-4D22-9485-2EB0327D07BD}.Debug|x86.Build.0 = Debug|Any CPU
		{DC308572-44B3-4D22-9485-2EB0327D07BD}.Release|Any CPU.ActiveCfg = Release|Any CPU
		{DC308572-44B3-4D22-9485-2EB0327D07BD}.Release|Any CPU.Build.0 = Release|Any CPU
		{DC308572-44B3-4D22-9485-2EB0327D07BD}.Release|x64.ActiveCfg = Release|Any CPU
		{DC308572-44B3-4D22-9485-2EB0327D07BD}.Release|x64.Build.0 = Release|Any CPU
		{DC308572-44B3-4D22-9485-2EB0327D07BD}.Release|x86.ActiveCfg = Release|Any CPU
		{DC308572-44B3-4D22-9485-2EB0327D07BD}.Release|x86.Build.0 = Release|Any CPU
		{DC66976E-36F7-4A1F-BF04-D9A747F62651}.Debug|Any CPU.ActiveCfg = Debug|Any CPU
		{DC66976E-36F7-4A1F-BF04-D9A747F62651}.Debug|Any CPU.Build.0 = Debug|Any CPU
		{DC66976E-36F7-4A1F-BF04-D9A747F62651}.Debug|x64.ActiveCfg = Debug|Any CPU
		{DC66976E-36F7-4A1F-BF04-D9A747F62651}.Debug|x64.Build.0 = Debug|Any CPU
		{DC66976E-36F7-4A1F-BF04-D9A747F62651}.Debug|x86.ActiveCfg = Debug|Any CPU
		{DC66976E-36F7-4A1F-BF04-D9A747F62651}.Debug|x86.Build.0 = Debug|Any CPU
		{DC66976E-36F7-4A1F-BF04-D9A747F62651}.Release|Any CPU.ActiveCfg = Release|Any CPU
		{DC66976E-36F7-4A1F-BF04-D9A747F62651}.Release|Any CPU.Build.0 = Release|Any CPU
		{DC66976E-36F7-4A1F-BF04-D9A747F62651}.Release|x64.ActiveCfg = Release|Any CPU
		{DC66976E-36F7-4A1F-BF04-D9A747F62651}.Release|x64.Build.0 = Release|Any CPU
		{DC66976E-36F7-4A1F-BF04-D9A747F62651}.Release|x86.ActiveCfg = Release|Any CPU
		{DC66976E-36F7-4A1F-BF04-D9A747F62651}.Release|x86.Build.0 = Release|Any CPU
		{7830CD8A-CFD5-42DD-8529-9D4D86596E7D}.Debug|Any CPU.ActiveCfg = Debug|Any CPU
		{7830CD8A-CFD5-42DD-8529-9D4D86596E7D}.Debug|Any CPU.Build.0 = Debug|Any CPU
		{7830CD8A-CFD5-42DD-8529-9D4D86596E7D}.Debug|x64.ActiveCfg = Debug|Any CPU
		{7830CD8A-CFD5-42DD-8529-9D4D86596E7D}.Debug|x64.Build.0 = Debug|Any CPU
		{7830CD8A-CFD5-42DD-8529-9D4D86596E7D}.Debug|x86.ActiveCfg = Debug|Any CPU
		{7830CD8A-CFD5-42DD-8529-9D4D86596E7D}.Debug|x86.Build.0 = Debug|Any CPU
		{7830CD8A-CFD5-42DD-8529-9D4D86596E7D}.Release|Any CPU.ActiveCfg = Release|Any CPU
		{7830CD8A-CFD5-42DD-8529-9D4D86596E7D}.Release|Any CPU.Build.0 = Release|Any CPU
		{7830CD8A-CFD5-42DD-8529-9D4D86596E7D}.Release|x64.ActiveCfg = Release|Any CPU
		{7830CD8A-CFD5-42DD-8529-9D4D86596E7D}.Release|x64.Build.0 = Release|Any CPU
		{7830CD8A-CFD5-42DD-8529-9D4D86596E7D}.Release|x86.ActiveCfg = Release|Any CPU
		{7830CD8A-CFD5-42DD-8529-9D4D86596E7D}.Release|x86.Build.0 = Release|Any CPU
	EndGlobalSection
	GlobalSection(SolutionProperties) = preSolution
		HideSolutionNode = FALSE
	EndGlobalSection
	GlobalSection(NestedProjects) = preSolution
		{71D1B1E8-8509-493C-90B2-F8CA82EA2C25} = {99741ECD-55F5-4B34-83F8-82C9630FCFF8}
		{C2BD5E07-3627-48D0-8BCD-9F33B4703731} = {99741ECD-55F5-4B34-83F8-82C9630FCFF8}
		{25C90E71-04B1-4397-AFAC-D3D4F03C0777} = {19C6E7D7-CDF1-4938-8138-023F1B8FE027}
		{DC308572-44B3-4D22-9485-2EB0327D07BD} = {19C6E7D7-CDF1-4938-8138-023F1B8FE027}
		{DC66976E-36F7-4A1F-BF04-D9A747F62651} = {2E0B777C-C6D1-441B-841F-CA0E58A8A6DF}
		{7830CD8A-CFD5-42DD-8529-9D4D86596E7D} = {728E3CBD-C114-4965-9474-30168C19A3D0}
	EndGlobalSection
	GlobalSection(ExtensibilityGlobals) = postSolution
		SolutionGuid = {89C2AE1B-F33B-43F7-A6F2-BA0ADDDA0720}
	EndGlobalSection
EndGlobal
